
Microsoft Visual Studio Solution File, Format Version 12.00
# Visual Studio Version 17
VisualStudioVersion = 17.3.32825.248
MinimumVisualStudioVersion = 10.0.40219.1
Project("{FAE04EC0-301F-11D3-BF4B-00C04F79EFBC}") = "m2gil-generateur-blogs", "m2gil-generateur-blogs.csproj", "{F6459C02-EEA4-4904-A930-19650AF8AE7F}"
EndProject
Global
	GlobalSection(SolutionConfigurationPlatforms) = preSolution
		Debug|Any CPU = Debug|Any CPU
		Release|Any CPU = Release|Any CPU
	EndGlobalSection
	GlobalSection(ProjectConfigurationPlatforms) = postSolution
		{F6459C02-EEA4-4904-A930-19650AF8AE7F}.Debug|Any CPU.ActiveCfg = Debug|Any CPU
		{F6459C02-EEA4-4904-A930-19650AF8AE7F}.Debug|Any CPU.Build.0 = Debug|Any CPU
		{F6459C02-EEA4-4904-A930-19650AF8AE7F}.Release|Any CPU.ActiveCfg = Release|Any CPU
		{F6459C02-EEA4-4904-A930-19650AF8AE7F}.Release|Any CPU.Build.0 = Release|Any CPU
	EndGlobalSection
	GlobalSection(SolutionProperties) = preSolution
		HideSolutionNode = FALSE
	EndGlobalSection
	GlobalSection(ExtensibilityGlobals) = postSolution
		SolutionGuid = {FC83DD8A-202C-496F-9FBB-07CCA69E9F89}
	EndGlobalSection
EndGlobal
